{"version":4,"terraform_version":"1.9.0","serial":8,"lineage":"e9c73d29-ef78-9435-33b4-55ca0f5dd49c","outputs":{"alb_dns_name":{"value":"sample-app-alb-1250417253.us-east-2.elb.amazonaws.com","type":"string"}},"resources":[{"module":"module.alb","mode":"data","type":"aws_subnets","name":"default","provider":"provider[\"registry.opentofu.org/hashicorp/aws\"]","instances":[{"schema_version":0,"attributes":{"filter":[{"name":"vpc-id","values":["vpc-03b8d0cd6d126100f"]}],"id":"us-east-2","ids":["subnet-0d125aafa08770fcf","subnet-058a4abd8ec0b834b","subnet-0bd66243bebd4650d"],"tags":null,"timeouts":null},"sensitive_attributes":[]}]},{"module":"module.alb","mode":"data","type":"aws_vpc","name":"default","provider":"provider[\"registry.opentofu.org/hashicorp/aws\"]","instances":[{"schema_version":0,"attributes":{"arn":"arn:aws:ec2:us-east-2:345594598663:vpc/vpc-03b8d0cd6d126100f","cidr_block":"172.31.0.0/16","cidr_block_associations":[{"association_id":"vpc-cidr-assoc-0d6aa5edec25f2caa","cidr_block":"172.31.0.0/16","state":"associated"}],"default":true,"dhcp_options_id":"dopt-082592a393f593a48","enable_dns_hostnames":true,"enable_dns_support":true,"enable_network_address_usage_metrics":false,"filter":null,"id":"vpc-03b8d0cd6d126100f","instance_tenancy":"default","ipv6_association_id":"","ipv6_cidr_block":"","main_route_table_id":"rtb-0fd07ce32420f6db2","owner_id":"345594598663","state":null,"tags":{},"timeouts":null},"sensitive_attributes":[]}]},{"module":"module.alb","mode":"managed","type":"aws_lb","name":"sample_app","provider":"provider[\"registry.opentofu.org/hashicorp/aws\"]","instances":[{"schema_version":0,"attributes":{"access_logs":[{"bucket":"","enabled":false,"prefix":""}],"arn":"arn:aws:elasticloadbalancing:us-east-2:345594598663:loadbalancer/app/sample-app-alb/af78dd2db6f3b8ba","arn_suffix":"app/sample-app-alb/af78dd2db6f3b8ba","client_keep_alive":3600,"connection_logs":[{"bucket":"","enabled":false,"prefix":""}],"customer_owned_ipv4_pool":"","desync_mitigation_mode":"defensive","dns_name":"sample-app-alb-1250417253.us-east-2.elb.amazonaws.com","dns_record_client_routing_policy":null,"drop_invalid_header_fields":false,"enable_cross_zone_load_balancing":true,"enable_deletion_protection":false,"enable_http2":true,"enable_tls_version_and_cipher_suite_headers":false,"enable_waf_fail_open":false,"enable_xff_client_port":false,"enable_zonal_shift":false,"enforce_security_group_inbound_rules_on_private_link_traffic":"","id":"arn:aws:elasticloadbalancing:us-east-2:345594598663:loadbalancer/app/sample-app-alb/af78dd2db6f3b8ba","idle_timeout":60,"internal":false,"ip_address_type":"ipv4","load_balancer_type":"application","name":"sample-app-alb","name_prefix":"","preserve_host_header":false,"security_groups":["sg-063ce40c71aa11cdb"],"subnet_mapping":[{"allocation_id":"","ipv6_address":"","outpost_id":"","private_ipv4_address":"","subnet_id":"subnet-058a4abd8ec0b834b"},{"allocation_id":"","ipv6_address":"","outpost_id":"","private_ipv4_address":"","subnet_id":"subnet-0bd66243bebd4650d"},{"allocation_id":"","ipv6_address":"","outpost_id":"","private_ipv4_address":"","subnet_id":"subnet-0d125aafa08770fcf"}],"subnets":["subnet-058a4abd8ec0b834b","subnet-0bd66243bebd4650d","subnet-0d125aafa08770fcf"],"tags":{},"tags_all":{},"timeouts":null,"vpc_id":"vpc-03b8d0cd6d126100f","xff_header_processing_mode":"append","zone_id":"Z3AADJGX6KTTL2"},"sensitive_attributes":[],"private":"eyJlMmJmYjczMC1lY2FhLTExZTYtOGY4OC0zNDM2M2JjN2M0YzAiOnsiY3JlYXRlIjo2MDAwMDAwMDAwMDAsImRlbGV0ZSI6NjAwMDAwMDAwMDAwLCJ1cGRhdGUiOjYwMDAwMDAwMDAwMH19","dependencies":["module.alb.aws_security_group.alb","module.alb.data.aws_subnets.default","module.alb.data.aws_vpc.default"]}]},{"module":"module.alb","mode":"managed","type":"aws_lb_listener","name":"sample_app","provider":"provider[\"registry.opentofu.org/hashicorp/aws\"]","instances":[{"schema_version":0,"attributes":{"alpn_policy":null,"arn":"arn:aws:elasticloadbalancing:us-east-2:345594598663:listener/app/sample-app-alb/af78dd2db6f3b8ba/5bf25fdd51a87fb2","certificate_arn":null,"default_action":[{"authenticate_cognito":[],"authenticate_oidc":[],"fixed_response":[],"forward":[],"order":1,"redirect":[],"target_group_arn":"arn:aws:elasticloadbalancing:us-east-2:345594598663:targetgroup/sample-app-alb/695ecc80fb7bab45","type":"forward"}],"id":"arn:aws:elasticloadbalancing:us-east-2:345594598663:listener/app/sample-app-alb/af78dd2db6f3b8ba/5bf25fdd51a87fb2","load_balancer_arn":"arn:aws:elasticloadbalancing:us-east-2:345594598663:loadbalancer/app/sample-app-alb/af78dd2db6f3b8ba","mutual_authentication":[],"port":80,"protocol":"HTTP","routing_http_request_x_amzn_mtls_clientcert_header_name":null,"routing_http_request_x_amzn_mtls_clientcert_issuer_header_name":null,"routing_http_request_x_amzn_mtls_clientcert_leaf_header_name":null,"routing_http_request_x_amzn_mtls_clientcert_serial_number_header_name":null,"routing_http_request_x_amzn_mtls_clientcert_subject_header_name":null,"routing_http_request_x_amzn_mtls_clientcert_validity_header_name":null,"routing_http_request_x_amzn_tls_cipher_suite_header_name":null,"routing_http_request_x_amzn_tls_version_header_name":null,"routing_http_response_access_control_allow_credentials_header_value":"","routing_http_response_access_control_allow_headers_header_value":"","routing_http_response_access_control_allow_methods_header_value":"","routing_http_response_access_control_allow_origin_header_value":"","routing_http_response_access_control_expose_headers_header_value":"","routing_http_response_access_control_max_age_header_value":"","routing_http_response_content_security_policy_header_value":"","routing_http_response_server_enabled":false,"routing_http_response_strict_transport_security_header_value":"","routing_http_response_x_content_type_options_header_value":"","routing_http_response_x_frame_options_header_value":"","ssl_policy":"","tags":{},"tags_all":{},"tcp_idle_timeout_seconds":null,"timeouts":null},"sensitive_attributes":[],"private":"eyJlMmJmYjczMC1lY2FhLTExZTYtOGY4OC0zNDM2M2JjN2M0YzAiOnsiY3JlYXRlIjozMDAwMDAwMDAwMDAsInVwZGF0ZSI6MzAwMDAwMDAwMDAwfX0=","dependencies":["module.alb.aws_lb.sample_app","module.alb.aws_lb_target_group.sample_app","module.alb.aws_security_group.alb","module.alb.data.aws_subnets.default","module.alb.data.aws_vpc.default"]}]},{"module":"module.alb","mode":"managed","type":"aws_lb_target_group","name":"sample_app","provider":"provider[\"registry.opentofu.org/hashicorp/aws\"]","instances":[{"schema_version":0,"attributes":{"arn":"arn:aws:elasticloadbalancing:us-east-2:345594598663:targetgroup/sample-app-alb/695ecc80fb7bab45","arn_suffix":"targetgroup/sample-app-alb/695ecc80fb7bab45","connection_termination":null,"deregistration_delay":"300","health_check":[{"enabled":true,"healthy_threshold":2,"interval":30,"matcher":"200","path":"/","port":"traffic-port","protocol":"HTTP","timeout":5,"unhealthy_threshold":2}],"id":"arn:aws:elasticloadbalancing:us-east-2:345594598663:targetgroup/sample-app-alb/695ecc80fb7bab45","ip_address_type":"ipv4","lambda_multi_value_headers_enabled":false,"load_balancer_arns":["arn:aws:elasticloadbalancing:us-east-2:345594598663:loadbalancer/app/sample-app-alb/af78dd2db6f3b8ba"],"load_balancing_algorithm_type":"round_robin","load_balancing_anomaly_mitigation":"off","load_balancing_cross_zone_enabled":"use_load_balancer_configuration","name":"sample-app-alb","name_prefix":"","port":8080,"preserve_client_ip":null,"protocol":"HTTP","protocol_version":"HTTP1","proxy_protocol_v2":false,"slow_start":0,"stickiness":[{"cookie_duration":86400,"cookie_name":"","enabled":false,"type":"lb_cookie"}],"tags":{},"tags_all":{},"target_failover":[{"on_deregistration":null,"on_unhealthy":null}],"target_group_health":[{"dns_failover":[{"minimum_healthy_targets_count":"1","minimum_healthy_targets_percentage":"off"}],"unhealthy_state_routing":[{"minimum_healthy_targets_count":1,"minimum_healthy_targets_percentage":"off"}]}],"target_health_state":[{"enable_unhealthy_connection_termination":null,"unhealthy_draining_interval":null}],"target_type":"instance","vpc_id":"vpc-03b8d0cd6d126100f"},"sensitive_attributes":[],"private":"bnVsbA==","dependencies":["module.alb.data.aws_vpc.default"]}]},{"module":"module.alb","mode":"managed","type":"aws_security_group","name":"alb","provider":"provider[\"registry.opentofu.org/hashicorp/aws\"]","instances":[{"schema_version":1,"attributes":{"arn":"arn:aws:ec2:us-east-2:345594598663:security-group/sg-063ce40c71aa11cdb","description":"Allow HTTP traffic into sample-app-alb","egress":[{"cidr_blocks":["0.0.0.0/0"],"description":"","from_port":0,"ipv6_cidr_blocks":[],"prefix_list_ids":[],"protocol":"-1","security_groups":[],"self":false,"to_port":0}],"id":"sg-063ce40c71aa11cdb","ingress":[{"cidr_blocks":["0.0.0.0/0"],"description":"","from_port":80,"ipv6_cidr_blocks":[],"prefix_list_ids":[],"protocol":"tcp","security_groups":[],"self":false,"to_port":80}],"name":"sample-app-alb","name_prefix":"","owner_id":"345594598663","revoke_rules_on_delete":false,"tags":{},"tags_all":{},"timeouts":null,"vpc_id":"vpc-03b8d0cd6d126100f"},"sensitive_attributes":[],"private":"eyJlMmJmYjczMC1lY2FhLTExZTYtOGY4OC0zNDM2M2JjN2M0YzAiOnsiY3JlYXRlIjo2MDAwMDAwMDAwMDAsImRlbGV0ZSI6OTAwMDAwMDAwMDAwfSwic2NoZW1hX3ZlcnNpb24iOiIxIn0="}]},{"module":"module.alb","mode":"managed","type":"aws_security_group_rule","name":"alb_allow_all_outbound","provider":"provider[\"registry.opentofu.org/hashicorp/aws\"]","instances":[{"schema_version":2,"attributes":{"cidr_blocks":["0.0.0.0/0"],"description":null,"from_port":0,"id":"sgrule-2308759019","ipv6_cidr_blocks":null,"prefix_list_ids":null,"protocol":"-1","security_group_id":"sg-063ce40c71aa11cdb","security_group_rule_id":"sgr-054e95c64f1740f4d","self":false,"source_security_group_id":null,"timeouts":null,"to_port":0,"type":"egress"},"sensitive_attributes":[],"private":"eyJlMmJmYjczMC1lY2FhLTExZTYtOGY4OC0zNDM2M2JjN2M0YzAiOnsiY3JlYXRlIjozMDAwMDAwMDAwMDB9LCJzY2hlbWFfdmVyc2lvbiI6IjIifQ==","dependencies":["module.alb.aws_security_group.alb"]}]},{"module":"module.alb","mode":"managed","type":"aws_security_group_rule","name":"alb_allow_http_inbound","provider":"provider[\"registry.opentofu.org/hashicorp/aws\"]","instances":[{"schema_version":2,"attributes":{"cidr_blocks":["0.0.0.0/0"],"description":null,"from_port":80,"id":"sgrule-960437074","ipv6_cidr_blocks":null,"prefix_list_ids":null,"protocol":"tcp","security_group_id":"sg-063ce40c71aa11cdb","security_group_rule_id":"sgr-023814c22359e3470","self":false,"source_security_group_id":null,"timeouts":null,"to_port":80,"type":"ingress"},"sensitive_attributes":[],"private":"eyJlMmJmYjczMC1lY2FhLTExZTYtOGY4OC0zNDM2M2JjN2M0YzAiOnsiY3JlYXRlIjozMDAwMDAwMDAwMDB9LCJzY2hlbWFfdmVyc2lvbiI6IjIifQ==","dependencies":["module.alb.aws_security_group.alb"]}]},{"module":"module.asg","mode":"data","type":"aws_subnets","name":"default","provider":"provider[\"registry.opentofu.org/hashicorp/aws\"]","instances":[{"schema_version":0,"attributes":{"filter":[{"name":"vpc-id","values":["vpc-03b8d0cd6d126100f"]}],"id":"us-east-2","ids":["subnet-0d125aafa08770fcf","subnet-058a4abd8ec0b834b","subnet-0bd66243bebd4650d"],"tags":null,"timeouts":null},"sensitive_attributes":[]}]},{"module":"module.asg","mode":"data","type":"aws_vpc","name":"default","provider":"provider[\"registry.opentofu.org/hashicorp/aws\"]","instances":[{"schema_version":0,"attributes":{"arn":"arn:aws:ec2:us-east-2:345594598663:vpc/vpc-03b8d0cd6d126100f","cidr_block":"172.31.0.0/16","cidr_block_associations":[{"association_id":"vpc-cidr-assoc-0d6aa5edec25f2caa","cidr_block":"172.31.0.0/16","state":"associated"}],"default":true,"dhcp_options_id":"dopt-082592a393f593a48","enable_dns_hostnames":true,"enable_dns_support":true,"enable_network_address_usage_metrics":false,"filter":null,"id":"vpc-03b8d0cd6d126100f","instance_tenancy":"default","ipv6_association_id":"","ipv6_cidr_block":"","main_route_table_id":"rtb-0fd07ce32420f6db2","owner_id":"345594598663","state":null,"tags":{},"timeouts":null},"sensitive_attributes":[]}]},{"module":"module.asg","mode":"managed","type":"aws_autoscaling_group","name":"sample_app","provider":"provider[\"registry.opentofu.org/hashicorp/aws\"]","instances":[{"schema_version":1,"attributes":{"arn":"arn:aws:autoscaling:us-east-2:345594598663:autoScalingGroup:83da7506-1cd6-48c4-b58a-19937afbfc35:autoScalingGroupName/sample-app-asg20250124130815116000000003","availability_zone_distribution":[{"capacity_distribution_strategy":"balanced-best-effort"}],"availability_zones":["us-east-2a","us-east-2b","us-east-2c"],"capacity_rebalance":false,"context":"","default_cooldown":300,"default_instance_warmup":0,"desired_capacity":3,"desired_capacity_type":"","enabled_metrics":[],"force_delete":false,"force_delete_warm_pool":false,"health_check_grace_period":300,"health_check_type":"ELB","id":"sample-app-asg20250124130815116000000003","ignore_failed_scaling_activities":false,"initial_lifecycle_hook":[],"instance_maintenance_policy":[],"instance_refresh":[{"preferences":[{"alarm_specification":[],"auto_rollback":true,"checkpoint_delay":"","checkpoint_percentages":[],"instance_warmup":"","max_healthy_percentage":200,"min_healthy_percentage":100,"scale_in_protected_instances":"Ignore","skip_matching":false,"standby_instances":"Ignore"}],"strategy":"Rolling","triggers":[]}],"launch_configuration":"","launch_template":[{"id":"lt-03ccb6713d73c6430","name":"sample-app-asg20250124130808948900000001","version":"2"}],"load_balancers":[],"max_instance_lifetime":0,"max_size":10,"metrics_granularity":"1Minute","min_elb_capacity":null,"min_size":1,"mixed_instances_policy":[],"name":"sample-app-asg20250124130815116000000003","name_prefix":"sample-app-asg","placement_group":"","predicted_capacity":0,"protect_from_scale_in":false,"service_linked_role_arn":"arn:aws:iam::345594598663:role/aws-service-role/autoscaling.amazonaws.com/AWSServiceRoleForAutoScaling","suspended_processes":[],"tag":[{"key":"Name","propagate_at_launch":true,"value":"sample-app-asg"}],"target_group_arns":["arn:aws:elasticloadbalancing:us-east-2:345594598663:targetgroup/sample-app-alb/695ecc80fb7bab45"],"termination_policies":[],"timeouts":null,"traffic_source":[{"identifier":"arn:aws:elasticloadbalancing:us-east-2:345594598663:targetgroup/sample-app-alb/695ecc80fb7bab45","type":"elbv2"}],"vpc_zone_identifier":["subnet-058a4abd8ec0b834b","subnet-0bd66243bebd4650d","subnet-0d125aafa08770fcf"],"wait_for_capacity_timeout":"10m","wait_for_elb_capacity":null,"warm_pool":[],"warm_pool_size":0},"sensitive_attributes":[],"private":"eyJlMmJmYjczMC1lY2FhLTExZTYtOGY4OC0zNDM2M2JjN2M0YzAiOnsiZGVsZXRlIjo2MDAwMDAwMDAwMDAsInVwZGF0ZSI6NjAwMDAwMDAwMDAwfSwic2NoZW1hX3ZlcnNpb24iOiIxIn0=","dependencies":["module.alb.aws_lb_target_group.sample_app","module.alb.data.aws_vpc.default","module.asg.aws_launch_template.sample_app","module.asg.aws_security_group.sample_app","module.asg.data.aws_subnets.default","module.asg.data.aws_vpc.default"]}]},{"module":"module.asg","mode":"managed","type":"aws_launch_template","name":"sample_app","provider":"provider[\"registry.opentofu.org/hashicorp/aws\"]","instances":[{"schema_version":0,"attributes":{"arn":"arn:aws:ec2:us-east-2:345594598663:launch-template/lt-03ccb6713d73c6430","block_device_mappings":[],"capacity_reservation_specification":[],"cpu_options":[],"credit_specification":[],"default_version":1,"description":"","disable_api_stop":false,"disable_api_termination":false,"ebs_optimized":"","elastic_gpu_specifications":[],"elastic_inference_accelerator":[],"enclave_options":[],"hibernation_options":[],"iam_instance_profile":[],"id":"lt-03ccb6713d73c6430","image_id":"ami-07308ddb36981b57d","instance_initiated_shutdown_behavior":"","instance_market_options":[],"instance_requirements":[],"instance_type":"t2.micro","kernel_id":"","key_name":"","latest_version":2,"license_specification":[],"maintenance_options":[],"metadata_options":[],"monitoring":[],"name":"sample-app-asg20250124130808948900000001","name_prefix":"sample-app-asg","network_interfaces":[],"placement":[],"private_dns_name_options":[],"ram_disk_id":"","security_group_names":[],"tag_specifications":[],"tags":{},"tags_all":{},"update_default_version":null,"user_data":"IyEvdXNyL2Jpbi9lbnYgYmFzaAoKc2V0IC1lCgpzdWRvIHN1IGFwcC11c2VyICAgICAgICAgCmNkIC9ob21lL2FwcC11c2VyICAgICAgICAKcG0yIHN0YXJ0IGFwcC5jb25maWcuanMgIApwbTIgc2F2ZSAgICAgICAgICAgICAgICAgCg==","vpc_security_group_ids":["sg-025490b79d5e3cbad"]},"sensitive_attributes":[],"private":"bnVsbA==","dependencies":["module.asg.aws_security_group.sample_app"]}]},{"module":"module.asg","mode":"managed","type":"aws_security_group","name":"sample_app","provider":"provider[\"registry.opentofu.org/hashicorp/aws\"]","instances":[{"schema_version":1,"attributes":{"arn":"arn:aws:ec2:us-east-2:345594598663:security-group/sg-025490b79d5e3cbad","description":"Allow HTTP traffic into sample-app-asg","egress":[],"id":"sg-025490b79d5e3cbad","ingress":[{"cidr_blocks":["0.0.0.0/0"],"description":"","from_port":8080,"ipv6_cidr_blocks":[],"prefix_list_ids":[],"protocol":"tcp","security_groups":[],"self":false,"to_port":8080}],"name":"sample-app-asg","name_prefix":"","owner_id":"345594598663","revoke_rules_on_delete":false,"tags":{},"tags_all":{},"timeouts":null,"vpc_id":"vpc-03b8d0cd6d126100f"},"sensitive_attributes":[],"private":"eyJlMmJmYjczMC1lY2FhLTExZTYtOGY4OC0zNDM2M2JjN2M0YzAiOnsiY3JlYXRlIjo2MDAwMDAwMDAwMDAsImRlbGV0ZSI6OTAwMDAwMDAwMDAwfSwic2NoZW1hX3ZlcnNpb24iOiIxIn0="}]},{"module":"module.asg","mode":"managed","type":"aws_security_group_rule","name":"sample_app_allow_http_inbound","provider":"provider[\"registry.opentofu.org/hashicorp/aws\"]","instances":[{"schema_version":2,"attributes":{"cidr_blocks":["0.0.0.0/0"],"description":null,"from_port":8080,"id":"sgrule-2125127622","ipv6_cidr_blocks":null,"prefix_list_ids":null,"protocol":"tcp","security_group_id":"sg-025490b79d5e3cbad","security_group_rule_id":"sgr-005df21ee86e3019a","self":false,"source_security_group_id":null,"timeouts":null,"to_port":8080,"type":"ingress"},"sensitive_attributes":[],"private":"eyJlMmJmYjczMC1lY2FhLTExZTYtOGY4OC0zNDM2M2JjN2M0YzAiOnsiY3JlYXRlIjozMDAwMDAwMDAwMDB9LCJzY2hlbWFfdmVyc2lvbiI6IjIifQ==","dependencies":["module.asg.aws_security_group.sample_app"]}]}],"check_results":null}
